
Microsoft Visual Studio Solution File, Format Version 11.00
# Visual Studio 2010
Project("{FAE04EC0-301F-11D3-BF4B-00C04F79EFBC}") = "Assembly-CSharp", "Assembly-CSharp.csproj", "{d55f6466-74a5-a48b-d74c-93b12178f18c}"
EndProject
Project("{FAE04EC0-301F-11D3-BF4B-00C04F79EFBC}") = "NavMeshComponents", "NavMeshComponents.csproj", "{33a395d0-6c64-366a-b859-04f5303fab46}"
EndProject
Project("{FAE04EC0-301F-11D3-BF4B-00C04F79EFBC}") = "NavMeshComponentsEditor", "NavMeshComponentsEditor.csproj", "{9aba005f-ecc0-8640-1d69-b291e00f5048}"
EndProject
Global
	GlobalSection(SolutionConfigurationPlatforms) = preSolution
		Debug|Any CPU = Debug|Any CPU
	EndGlobalSection
	GlobalSection(ProjectConfigurationPlatforms) = postSolution
		{d55f6466-74a5-a48b-d74c-93b12178f18c}.Debug|Any CPU.ActiveCfg = Debug|Any CPU
		{d55f6466-74a5-a48b-d74c-93b12178f18c}.Debug|Any CPU.Build.0 = Debug|Any CPU
		{33a395d0-6c64-366a-b859-04f5303fab46}.Debug|Any CPU.ActiveCfg = Debug|Any CPU
		{33a395d0-6c64-366a-b859-04f5303fab46}.Debug|Any CPU.Build.0 = Debug|Any CPU
		{9aba005f-ecc0-8640-1d69-b291e00f5048}.Debug|Any CPU.ActiveCfg = Debug|Any CPU
		{9aba005f-ecc0-8640-1d69-b291e00f5048}.Debug|Any CPU.Build.0 = Debug|Any CPU
	EndGlobalSection
	GlobalSection(SolutionProperties) = preSolution
		HideSolutionNode = FALSE
	EndGlobalSection
EndGlobal
